
Microsoft Visual Studio Solution File, Format Version 12.00
# Visual Studio Version 17
VisualStudioVersion = 17.13.35931.197 d17.13
MinimumVisualStudioVersion = 10.0.40219.1
Project("{FAE04EC0-301F-11D3-BF4B-00C04F79EFBC}") = "RadialMenuGettingStarted", "RadialMenuGettingStarted.csproj", "{F25646D5-E1A7-4441-8E91-B9E725817A74}"
EndProject
Global
	GlobalSection(SolutionConfigurationPlatforms) = preSolution
		Debug|Any CPU = Debug|Any CPU
		Release|Any CPU = Release|Any CPU
	EndGlobalSection
	GlobalSection(ProjectConfigurationPlatforms) = postSolution
		{F25646D5-E1A7-4441-8E91-B9E725817A74}.Debug|Any CPU.ActiveCfg = Debug|Any CPU
		{F25646D5-E1A7-4441-8E91-B9E725817A74}.Debug|Any CPU.Build.0 = Debug|Any CPU
		{F25646D5-E1A7-4441-8E91-B9E725817A74}.Release|Any CPU.ActiveCfg = Release|Any CPU
		{F25646D5-E1A7-4441-8E91-B9E725817A74}.Release|Any CPU.Build.0 = Release|Any CPU
	EndGlobalSection
	GlobalSection(SolutionProperties) = preSolution
		HideSolutionNode = FALSE
	EndGlobalSection
	GlobalSection(ExtensibilityGlobals) = postSolution
		SolutionGuid = {819DFF50-E9B0-4864-9709-7BF1D53EA99F}
	EndGlobalSection
EndGlobal
